// !$*UTF8*$!
{
	archiveVersion = 1;
	classes = {
	};
	objectVersion = 46;
	objects = {

/* Begin PBXBuildFile section */
		F8A2D0411ED9EACF00A8A6C7 /* AppDelegate.swift in Sources */ = {isa = PBXBuildFile; fileRef = F8A2D0401ED9EACF00A8A6C7 /* AppDelegate.swift */; };
		F8A2D0431ED9EACF00A8A6C7 /* ViewController.swift in Sources */ = {isa = PBXBuildFile; fileRef = F8A2D0421ED9EACF00A8A6C7 /* ViewController.swift */; };
		F8A2D0461ED9EACF00A8A6C7 /* Main.storyboard in Resources */ = {isa = PBXBuildFile; fileRef = F8A2D0441ED9EACF00A8A6C7 /* Main.storyboard */; };
		F8A2D0481ED9EACF00A8A6C7 /* Assets.xcassets in Resources */ = {isa = PBXBuildFile; fileRef = F8A2D0471ED9EACF00A8A6C7 /* Assets.xcassets */; };
		F8A2D04B1ED9EACF00A8A6C7 /* LaunchScreen.storyboard in Resources */ = {isa = PBXBuildFile; fileRef = F8A2D0491ED9EACF00A8A6C7 /* LaunchScreen.storyboard */; };
		F8A2D0561ED9EF2800A8A6C7 /* ParentTableViewCell.swift in Sources */ = {isa = PBXBuildFile; fileRef = F8A2D0541ED9EF2800A8A6C7 /* ParentTableViewCell.swift */; };
		F8A2D0571ED9EF2800A8A6C7 /* ParentTableViewCell.xib in Resources */ = {isa = PBXBuildFile; fileRef = F8A2D0551ED9EF2800A8A6C7 /* ParentTableViewCell.xib */; };
		F8A2D05B1ED9F08500A8A6C7 /* ChildTableViewCell.swift in Sources */ = {isa = PBXBuildFile; fileRef = F8A2D0591ED9F08500A8A6C7 /* ChildTableViewCell.swift */; };
		F8A2D05C1ED9F08500A8A6C7 /* ChildTableViewCell.xib in Resources */ = {isa = PBXBuildFile; fileRef = F8A2D05A1ED9F08500A8A6C7 /* ChildTableViewCell.xib */; };
/* End PBXBuildFile section */

/* Begin PBXFileReference section */
		F8A2D03D1ED9EACF00A8A6C7 /* Demo2Table1VC.app */ = {isa = PBXFileReference; explicitFileType = wrapper.application; includeInIndex = 0; path = Demo2Table1VC.app; sourceTree = BUILT_PRODUCTS_DIR; };
		F8A2D0401ED9EACF00A8A6C7 /* AppDelegate.swift */ = {isa = PBXFileReference; lastKnownFileType = sourcecode.swift; path = AppDelegate.swift; sourceTree = "<group>"; };
		F8A2D0421ED9EACF00A8A6C7 /* ViewController.swift */ = {isa = PBXFileReference; lastKnownFileType = sourcecode.swift; path = ViewController.swift; sourceTree = "<group>"; };
		F8A2D0451ED9EACF00A8A6C7 /* Base */ = {isa = PBXFileReference; lastKnownFileType = file.storyboard; name = Base; path = Base.lproj/Main.storyboard; sourceTree = "<group>"; };
		F8A2D0471ED9EACF00A8A6C7 /* Assets.xcassets */ = {isa = PBXFileReference; lastKnownFileType = folder.assetcatalog; path = Assets.xcassets; sourceTree = "<group>"; };
		F8A2D04A1ED9EACF00A8A6C7 /* Base */ = {isa = PBXFileReference; lastKnownFileType = file.storyboard; name = Base; path = Base.lproj/LaunchScreen.storyboard; sourceTree = "<group>"; };
		F8A2D04C1ED9EACF00A8A6C7 /* Info.plist */ = {isa = PBXFileReference; lastKnownFileType = text.plist.xml; path = Info.plist; sourceTree = "<group>"; };
		F8A2D0541ED9EF2800A8A6C7 /* ParentTableViewCell.swift */ = {isa = PBXFileReference; fileEncoding = 4; lastKnownFileType = sourcecode.swift; name = ParentTableViewCell.swift; path = ParentTableViewCell/ParentTableViewCell.swift; sourceTree = "<group>"; };
		F8A2D0551ED9EF2800A8A6C7 /* ParentTableViewCell.xib */ = {isa = PBXFileReference; fileEncoding = 4; lastKnownFileType = file.xib; name = ParentTableViewCell.xib; path = ParentTableViewCell/ParentTableViewCell.xib; sourceTree = "<group>"; };
		F8A2D0591ED9F08500A8A6C7 /* ChildTableViewCell.swift */ = {isa = PBXFileReference; fileEncoding = 4; lastKnownFileType = sourcecode.swift; name = ChildTableViewCell.swift; path = ChildTableViewCell/ChildTableViewCell.swift; sourceTree = "<group>"; };
		F8A2D05A1ED9F08500A8A6C7 /* ChildTableViewCell.xib */ = {isa = PBXFileReference; fileEncoding = 4; lastKnownFileType = file.xib; name = ChildTableViewCell.xib; path = ChildTableViewCell/ChildTableViewCell.xib; sourceTree = "<group>"; };
/* End PBXFileReference section */

/* Begin PBXFrameworksBuildPhase section */
		F8A2D03A1ED9EACF00A8A6C7 /* Frameworks */ = {
			isa = PBXFrameworksBuildPhase;
			buildActionMask = 2147483647;
			files = (
			);
			runOnlyForDeploymentPostprocessing = 0;
		};
/* End PBXFrameworksBuildPhase section */

/* Begin PBXGroup section */
		F8A2D0341ED9EACF00A8A6C7 = {
			isa = PBXGroup;
			children = (
				F8A2D03F1ED9EACF00A8A6C7 /* Demo2Table1VC */,
				F8A2D03E1ED9EACF00A8A6C7 /* Products */,
			);
			sourceTree = "<group>";
		};
		F8A2D03E1ED9EACF00A8A6C7 /* Products */ = {
			isa = PBXGroup;
			children = (
				F8A2D03D1ED9EACF00A8A6C7 /* Demo2Table1VC.app */,
			);
			name = Products;
			sourceTree = "<group>";
		};
		F8A2D03F1ED9EACF00A8A6C7 /* Demo2Table1VC */ = {
			isa = PBXGroup;
			children = (
				F8A2D0581ED9F06C00A8A6C7 /* ChildTableViewCell */,
				F8A2D0531ED9EF0100A8A6C7 /* ParentTableViewCell */,
				F8A2D0401ED9EACF00A8A6C7 /* AppDelegate.swift */,
				F8A2D0421ED9EACF00A8A6C7 /* ViewController.swift */,
				F8A2D0441ED9EACF00A8A6C7 /* Main.storyboard */,
				F8A2D0471ED9EACF00A8A6C7 /* Assets.xcassets */,
				F8A2D0491ED9EACF00A8A6C7 /* LaunchScreen.storyboard */,
				F8A2D04C1ED9EACF00A8A6C7 /* Info.plist */,
			);
			path = Demo2Table1VC;
			sourceTree = "<group>";
		};
		F8A2D0531ED9EF0100A8A6C7 /* ParentTableViewCell */ = {
			isa = PBXGroup;
			children = (
				F8A2D0541ED9EF2800A8A6C7 /* ParentTableViewCell.swift */,
				F8A2D0551ED9EF2800A8A6C7 /* ParentTableViewCell.xib */,
			);
			name = ParentTableViewCell;
			sourceTree = "<group>";
		};
		F8A2D0581ED9F06C00A8A6C7 /* ChildTableViewCell */ = {
			isa = PBXGroup;
			children = (
				F8A2D0591ED9F08500A8A6C7 /* ChildTableViewCell.swift */,
				F8A2D05A1ED9F08500A8A6C7 /* ChildTableViewCell.xib */,
			);
			name = ChildTableViewCell;
			sourceTree = "<group>";
		};
/* End PBXGroup section */

/* Begin PBXNativeTarget section */
		F8A2D03C1ED9EACF00A8A6C7 /* Demo2Table1VC */ = {
			isa = PBXNativeTarget;
			buildConfigurationList = F8A2D04F1ED9EACF00A8A6C7 /* Build configuration list for PBXNativeTarget "Demo2Table1VC" */;
			buildPhases = (
				F8A2D0391ED9EACF00A8A6C7 /* Sources */,
				F8A2D03A1ED9EACF00A8A6C7 /* Frameworks */,
				F8A2D03B1ED9EACF00A8A6C7 /* Resources */,
			);
			buildRules = (
			);
			dependencies = (
			);
			name = Demo2Table1VC;
			productName = Demo2Table1VC;
			productReference = F8A2D03D1ED9EACF00A8A6C7 /* Demo2Table1VC.app */;
			productType = "com.apple.product-type.application";
		};
/* End PBXNativeTarget section */

/* Begin PBXProject section */
		F8A2D0351ED9EACF00A8A6C7 /* Project object */ = {
			isa = PBXProject;
			attributes = {
				LastSwiftUpdateCheck = 0830;
				LastUpgradeCheck = 0830;
				ORGANIZATIONNAME = "Hay Nhanh";
				TargetAttributes = {
					F8A2D03C1ED9EACF00A8A6C7 = {
						CreatedOnToolsVersion = 8.3.2;
						DevelopmentTeam = Z4ZNZ62PTW;
						ProvisioningStyle = Automatic;
					};
				};
			};
			buildConfigurationList = F8A2D0381ED9EACF00A8A6C7 /* Build configuration list for PBXProject "Demo2Table1VC" */;
			compatibilityVersion = "Xcode 3.2";
			developmentRegion = English;
			hasScannedForEncodings = 0;
			knownRegions = (
				en,
				Base,
			);
			mainGroup = F8A2D0341ED9EACF00A8A6C7;
			productRefGroup = F8A2D03E1ED9EACF00A8A6C7 /* Products */;
			projectDirPath = "";
			projectRoot = "";
			targets = (
				F8A2D03C1ED9EACF00A8A6C7 /* Demo2Table1VC */,
			);
		};
/* End PBXProject section */

/* Begin PBXResourcesBuildPhase section */
		F8A2D03B1ED9EACF00A8A6C7 /* Resources */ = {
			isa = PBXResourcesBuildPhase;
			buildActionMask = 2147483647;
			files = (
				F8A2D04B1ED9EACF00A8A6C7 /* LaunchScreen.storyboard in Resources */,
				F8A2D0571ED9EF2800A8A6C7 /* ParentTableViewCell.xib in Resources */,
				F8A2D0481ED9EACF00A8A6C7 /* Assets.xcassets in Resources */,
				F8A2D0461ED9EACF00A8A6C7 /* Main.storyboard in Resources */,
				F8A2D05C1ED9F08500A8A6C7 /* ChildTableViewCell.xib in Resources */,
			);
			runOnlyForDeploymentPostprocessing = 0;
		};
/* End PBXResourcesBuildPhase section */

/* Begin PBXSourcesBuildPhase section */
		F8A2D0391ED9EACF00A8A6C7 /* Sources */ = {
			isa = PBXSourcesBuildPhase;
			buildActionMask = 2147483647;
			files = (
				F8A2D0431ED9EACF00A8A6C7 /* ViewController.swift in Sources */,
				F8A2D0411ED9EACF00A8A6C7 /* AppDelegate.swift in Sources */,
				F8A2D05B1ED9F08500A8A6C7 /* ChildTableViewCell.swift in Sources */,
				F8A2D0561ED9EF2800A8A6C7 /* ParentTableViewCell.swift in Sources */,
			);
			runOnlyForDeploymentPostprocessing = 0;
		};
/* End PBXSourcesBuildPhase section */

/* Begin PBXVariantGroup section */
		F8A2D0441ED9EACF00A8A6C7 /* Main.storyboard */ = {
			isa = PBXVariantGroup;
			children = (
				F8A2D0451ED9EACF00A8A6C7 /* Base */,
			);
			name = Main.storyboard;
			sourceTree = "<group>";
		};
		F8A2D0491ED9EACF00A8A6C7 /* LaunchScreen.storyboard */ = {
			isa = PBXVariantGroup;
			children = (
				F8A2D04A1ED9EACF00A8A6C7 /* Base */,
			);
			name = LaunchScreen.storyboard;
			sourceTree = "<group>";
		};
/* End PBXVariantGroup section */

/* Begin XCBuildConfiguration section */
		F8A2D04D1ED9EACF00A8A6C7 /* Debug */ = {
			isa = XCBuildConfiguration;
			buildSettings = {
				ALWAYS_SEARCH_USER_PATHS = NO;
				CLANG_ANALYZER_NONNULL = YES;
				CLANG_ANALYZER_NUMBER_OBJECT_CONVERSION = YES_AGGRESSIVE;
				CLANG_CXX_LANGUAGE_STANDARD = "gnu++0x";
				CLANG_CXX_LIBRARY = "libc++";
				CLANG_ENABLE_MODULES = YES;
				CLANG_ENABLE_OBJC_ARC = YES;
				CLANG_WARN_BOOL_CONVERSION = YES;
				CLANG_WARN_CONSTANT_CONVERSION = YES;
				CLANG_WARN_DIRECT_OBJC_ISA_USAGE = YES_ERROR;
				CLANG_WARN_DOCUMENTATION_COMMENTS = YES;
				CLANG_WARN_EMPTY_BODY = YES;
				CLANG_WARN_ENUM_CONVERSION = YES;
				CLANG_WARN_INFINITE_RECURSION = YES;
				CLANG_WARN_INT_CONVERSION = YES;
				CLANG_WARN_OBJC_ROOT_CLASS = YES_ERROR;
				CLANG_WARN_SUSPICIOUS_MOVE = YES;
				CLANG_WARN_UNREACHABLE_CODE = YES;
				CLANG_WARN__DUPLICATE_METHOD_MATCH = YES;
				"CODE_SIGN_IDENTITY[sdk=iphoneos*]" = "iPhone Developer";
				COPY_PHASE_STRIP = NO;
				DEBUG_INFORMATION_FORMAT = dwarf;
				ENABLE_STRICT_OBJC_MSGSEND = YES;
				ENABLE_TESTABILITY = YES;
				GCC_C_LANGUAGE_STANDARD = gnu99;
				GCC_DYNAMIC_NO_PIC = NO;
				GCC_NO_COMMON_BLOCKS = YES;
				GCC_OPTIMIZATION_LEVEL = 0;
				GCC_PREPROCESSOR_DEFINITIONS = (
					"DEBUG=1",
					"$(inherited)",
				);
				GCC_WARN_64_TO_32_BIT_CONVERSION = YES;
				GCC_WARN_ABOUT_RETURN_TYPE = YES_ERROR;
				GCC_WARN_UNDECLARED_SELECTOR = YES;
				GCC_WARN_UNINITIALIZED_AUTOS = YES_AGGRESSIVE;
				GCC_WARN_UNUSED_FUNCTION = YES;
				GCC_WARN_UNUSED_VARIABLE = YES;
				IPHONEOS_DEPLOYMENT_TARGET = 10.3;
				MTL_ENABLE_DEBUG_INFO = YES;
				ONLY_ACTIVE_ARCH = YES;
				SDKROOT = iphoneos;
				SWIFT_ACTIVE_COMPILATION_CONDITIONS = DEBUG;
				SWIFT_OPTIMIZATION_LEVEL = "-Onone";
			};
			name = Debug;
		};
		F8A2D04E1ED9EACF00A8A6C7 /* Release */ = {
			isa = XCBuildConfiguration;
			buildSettings = {
				ALWAYS_SEARCH_USER_PATHS = NO;
				CLANG_ANALYZER_NONNULL = YES;
				CLANG_ANALYZER_NUMBER_OBJECT_CONVERSION = YES_AGGRESSIVE;
				CLANG_CXX_LANGUAGE_STANDARD = "gnu++0x";
				CLANG_CXX_LIBRARY = "libc++";
				CLANG_ENABLE_MODULES = YES;
				CLANG_ENABLE_OBJC_ARC = YES;
				CLANG_WARN_BOOL_CONVERSION = YES;
				CLANG_WARN_CONSTANT_CONVERSION = YES;
				CLANG_WARN_DIRECT_OBJC_ISA_USAGE = YES_ERROR;
				CLANG_WARN_DOCUMENTATION_COMMENTS = YES;
				CLANG_WARN_EMPTY_BODY = YES;
				CLANG_WARN_ENUM_CONVERSION = YES;
				CLANG_WARN_INFINITE_RECURSION = YES;
				CLANG_WARN_INT_CONVERSION = YES;
				CLANG_WARN_OBJC_ROOT_CLASS = YES_ERROR;
				CLANG_WARN_SUSPICIOUS_MOVE = YES;
				CLANG_WARN_UNREACHABLE_CODE = YES;
				CLANG_WARN__DUPLICATE_METHOD_MATCH = YES;
				"CODE_SIGN_IDENTITY[sdk=iphoneos*]" = "iPhone Developer";
				COPY_PHASE_STRIP = NO;
				DEBUG_INFORMATION_FORMAT = "dwarf-with-dsym";
				ENABLE_NS_ASSERTIONS = NO;
				ENABLE_STRICT_OBJC_MSGSEND = YES;
				GCC_C_LANGUAGE_STANDARD = gnu99;
				GCC_NO_COMMON_BLOCKS = YES;
				GCC_WARN_64_TO_32_BIT_CONVERSION = YES;
				GCC_WARN_ABOUT_RETURN_TYPE = YES_ERROR;
				GCC_WARN_UNDECLARED_SELECTOR = YES;
				GCC_WARN_UNINITIALIZED_AUTOS = YES_AGGRESSIVE;
				GCC_WARN_UNUSED_FUNCTION = YES;
				GCC_WARN_UNUSED_VARIABLE = YES;
				IPHONEOS_DEPLOYMENT_TARGET = 10.3;
				MTL_ENABLE_DEBUG_INFO = NO;
				SDKROOT = iphoneos;
				SWIFT_OPTIMIZATION_LEVEL = "-Owholemodule";
				VALIDATE_PRODUCT = YES;
			};
			name = Release;
		};
		F8A2D0501ED9EACF00A8A6C7 /* Debug */ = {
			isa = XCBuildConfiguration;
			buildSettings = {
				ASSETCATALOG_COMPILER_APPICON_NAME = AppIcon;
				DEVELOPMENT_TEAM = Z4ZNZ62PTW;
				INFOPLIST_FILE = Demo2Table1VC/Info.plist;
				LD_RUNPATH_SEARCH_PATHS = "$(inherited) @executable_path/Frameworks";
				PRODUCT_BUNDLE_IDENTIFIER = com.haynhanh.Demo2Table1VC;
				PRODUCT_NAME = "$(TARGET_NAME)";
				SWIFT_VERSION = 3.0;
			};
			name = Debug;
		};
		F8A2D0511ED9EACF00A8A6C7 /* Release */ = {
			isa = XCBuildConfiguration;
			buildSettings = {
				ASSETCATALOG_COMPILER_APPICON_NAME = AppIcon;
				DEVELOPMENT_TEAM = Z4ZNZ62PTW;
				INFOPLIST_FILE = Demo2Table1VC/Info.plist;
				LD_RUNPATH_SEARCH_PATHS = "$(inherited) @executable_path/Frameworks";
				PRODUCT_BUNDLE_IDENTIFIER = com.haynhanh.Demo2Table1VC;
				PRODUCT_NAME = "$(TARGET_NAME)";
				SWIFT_VERSION = 3.0;
			};
			name = Release;
		};
/* End XCBuildConfiguration section */

/* Begin XCConfigurationList section */
		F8A2D0381ED9EACF00A8A6C7 /* Build configuration list for PBXProject "Demo2Table1VC" */ = {
			isa = XCConfigurationList;
			buildConfigurations = (
				F8A2D04D1ED9EACF00A8A6C7 /* Debug */,
				F8A2D04E1ED9EACF00A8A6C7 /* Release */,
			);
			defaultConfigurationIsVisible = 0;
			defaultConfigurationName = Release;
		};
		F8A2D04F1ED9EACF00A8A6C7 /* Build configuration list for PBXNativeTarget "Demo2Table1VC" */ = {
			isa = XCConfigurationList;
			buildConfigurations = (
				F8A2D0501ED9EACF00A8A6C7 /* Debug */,
				F8A2D0511ED9EACF00A8A6C7 /* Release */,
			);
			defaultConfigurationIsVisible = 0;
			defaultConfigurationName = Release;
		};
/* End XCConfigurationList section */
	};
	rootObject = F8A2D0351ED9EACF00A8A6C7 /* Project object */;
}
